Microsoft Visual Studio Solution File, Format Version 12.00
# Visual Studio Version 17
VisualStudioVersion = 17.5.2.0
MinimumVisualStudioVersion = 10.0.40219.1
Project("{FAE04EC0-301F-11D3-BF4B-00C04F79EFBC}") = "Automatic Edge Browser Web Searcher", "Automatic Edge Browser Web Searcher.csproj", "{B39816ED-2063-88CC-19CF-34BF8E9DB3CB}"
EndProject
Global
	GlobalSection(SolutionConfigurationPlatforms) = preSolution
		Debug|Any CPU = Debug|Any CPU
		Release|Any CPU = Release|Any CPU
	EndGlobalSection
	GlobalSection(ProjectConfigurationPlatforms) = postSolution
		{B39816ED-2063-88CC-19CF-34BF8E9DB3CB}.Debug|Any CPU.ActiveCfg = Debug|Any CPU
		{B39816ED-2063-88CC-19CF-34BF8E9DB3CB}.Debug|Any CPU.Build.0 = Debug|Any CPU
		{B39816ED-2063-88CC-19CF-34BF8E9DB3CB}.Release|Any CPU.ActiveCfg = Release|Any CPU
		{B39816ED-2063-88CC-19CF-34BF8E9DB3CB}.Release|Any CPU.Build.0 = Release|Any CPU
	EndGlobalSection
	GlobalSection(SolutionProperties) = preSolution
		HideSolutionNode = FALSE
	EndGlobalSection
	GlobalSection(ExtensibilityGlobals) = postSolution
		SolutionGuid = {7F609403-5454-4235-A31F-D57212E131B4}
	EndGlobalSection
EndGlobal
